Terraform used the selected providers to generate the following execution plan. Resource actions are indicated with the following symbols:
  + create

Terraform will perform the following actions:

  # azurerm_network_interface.main will be created
  + resource "azurerm_network_interface" "main" {
      + applied_dns_servers           = (known after apply)
      + dns_servers                   = (known after apply)
      + enable_accelerated_networking = false
      + enable_ip_forwarding          = false
      + id                            = (known after apply)
      + internal_dns_name_label       = (known after apply)
      + internal_domain_name_suffix   = (known after apply)
      + location                      = "canadacentral"
      + mac_address                   = (known after apply)
      + name                          = "terraform-nic"
      + private_ip_address            = (known after apply)
      + private_ip_addresses          = (known after apply)
      + resource_group_name           = "rg1"
      + virtual_machine_id            = (known after apply)

      + ip_configuration {
          + gateway_load_balancer_frontend_ip_configuration_id = (known after apply)
          + name                                               = "testconfiguration1"
          + primary                                            = (known after apply)
          + private_ip_address                                 = (known after apply)
          + private_ip_address_allocation                      = "Dynamic"
          + private_ip_address_version                         = "IPv4"
          + subnet_id                                          = (known after apply)
        }
    }

  # azurerm_resource_group.resource_group1 will be created
  + resource "azurerm_resource_group" "resource_group1" {
      + id       = (known after apply)
      + location = "canadacentral"
      + name     = "rg1"
    }

  # azurerm_storage_account.saccount will be created
  + resource "azurerm_storage_account" "saccount" {
      + access_tier                       = (known after apply)
      + account_kind                      = "StorageV2"
      + account_replication_type          = "GRS"
      + account_tier                      = "Standard"
      + allow_nested_items_to_be_public   = true
      + cross_tenant_replication_enabled  = true
      + default_to_oauth_authentication   = false
      + enable_https_traffic_only         = true
      + id                                = (known after apply)
      + infrastructure_encryption_enabled = false
      + is_hns_enabled                    = false
      + large_file_share_enabled          = (known after apply)
      + location                          = "canadacentral"
      + min_tls_version                   = "TLS1_2"
      + name                              = "myterraformsa1"
      + nfsv3_enabled                     = false
      + primary_access_key                = (sensitive value)
      + primary_blob_connection_string    = (sensitive value)
      + primary_blob_endpoint             = (known after apply)
      + primary_blob_host                 = (known after apply)
      + primary_connection_string         = (sensitive value)
      + primary_dfs_endpoint              = (known after apply)
      + primary_dfs_host                  = (known after apply)
      + primary_file_endpoint             = (known after apply)
      + primary_file_host                 = (known after apply)
      + primary_location                  = (known after apply)
      + primary_queue_endpoint            = (known after apply)
      + primary_queue_host                = (known after apply)
      + primary_table_endpoint            = (known after apply)
      + primary_table_host                = (known after apply)
      + primary_web_endpoint              = (known after apply)
      + primary_web_host                  = (known after apply)
      + public_network_access_enabled     = true
      + queue_encryption_key_type         = "Service"
      + resource_group_name               = "rg1"
      + secondary_access_key              = (sensitive value)
      + secondary_blob_connection_string  = (sensitive value)
      + secondary_blob_endpoint           = (known after apply)
      + secondary_blob_host               = (known after apply)
      + secondary_connection_string       = (sensitive value)
      + secondary_dfs_endpoint            = (known after apply)
      + secondary_dfs_host                = (known after apply)
      + secondary_file_endpoint           = (known after apply)
      + secondary_file_host               = (known after apply)
      + secondary_location                = (known after apply)
      + secondary_queue_endpoint          = (known after apply)
      + secondary_queue_host              = (known after apply)
      + secondary_table_endpoint          = (known after apply)
      + secondary_table_host              = (known after apply)
      + secondary_web_endpoint            = (known after apply)
      + secondary_web_host                = (known after apply)
      + sftp_enabled                      = false
      + shared_access_key_enabled         = true
      + table_encryption_key_type         = "Service"
      + tags                              = {
          + "environment" = "staging"
        }
    }

  # azurerm_subnet.internal will be created
  + resource "azurerm_subnet" "internal" {
      + address_prefixes                               = [
          + "10.0.2.0/24",
        ]
      + enforce_private_link_endpoint_network_policies = (known after apply)
      + enforce_private_link_service_network_policies  = (known after apply)
      + id                                             = (known after apply)
      + name                                           = "internal"
      + private_endpoint_network_policies_enabled      = (known after apply)
      + private_link_service_network_policies_enabled  = (known after apply)
      + resource_group_name                            = "rg1"
      + virtual_network_name                           = "terraform-network"
    }

  # azurerm_virtual_machine.main will be created
  + resource "azurerm_virtual_machine" "main" {
      + availability_set_id              = (known after apply)
      + delete_data_disks_on_termination = false
      + delete_os_disk_on_termination    = false
      + id                               = (known after apply)
      + license_type                     = (known after apply)
      + location                         = "canadacentral"
      + name                             = "terraform-vm"
      + network_interface_ids            = (known after apply)
      + resource_group_name              = "rg1"
      + tags                             = {
          + "environment" = "staging"
        }
      + vm_size                          = "Standard_DS1_v2"

      + os_profile {
          # At least one attribute in this block is (or was) sensitive,
          # so its contents will not be displayed.
        }

      + os_profile_linux_config {
          + disable_password_authentication = false
        }

      + storage_image_reference {
          + offer     = "UbuntuServer"
          + publisher = "Canonical"
          + sku       = "16.04-LTS"
          + version   = "latest"
        }

      + storage_os_disk {
          + caching                   = "ReadWrite"
          + create_option             = "FromImage"
          + disk_size_gb              = (known after apply)
          + managed_disk_id           = (known after apply)
          + managed_disk_type         = "Standard_LRS"
          + name                      = "myosdisk1"
          + os_type                   = (known after apply)
          + write_accelerator_enabled = false
        }
    }

  # azurerm_virtual_network.main will be created
  + resource "azurerm_virtual_network" "main" {
      + address_space       = [
          + "10.0.0.0/16",
        ]
      + dns_servers         = (known after apply)
      + guid                = (known after apply)
      + id                  = (known after apply)
      + location            = "canadacentral"
      + name                = "terraform-network"
      + resource_group_name = "rg1"
      + subnet              = (known after apply)
    }

Plan: 6 to add, 0 to change, 0 to destroy.